
Microsoft Visual Studio Solution File, Format Version 12.00
# Visual Studio Version 17
VisualStudioVersion = 17.7.34031.279
MinimumVisualStudioVersion = 10.0.40219.1
Project("{FAE04EC0-301F-11D3-BF4B-00C04F79EFBC}") = "imageprocessingactDelaTorre", "imageprocessingactDelaTorre\imageprocessingactDelaTorre.csproj", "{922FDA06-2896-4AE9-94E1-15EB660E846F}"
EndProject
Global
	GlobalSection(SolutionConfigurationPlatforms) = preSolution
		Debug|Any CPU = Debug|Any CPU
		Release|Any CPU = Release|Any CPU
	EndGlobalSection
	GlobalSection(ProjectConfigurationPlatforms) = postSolution
		{922FDA06-2896-4AE9-94E1-15EB660E846F}.Debug|Any CPU.ActiveCfg = Debug|Any CPU
		{922FDA06-2896-4AE9-94E1-15EB660E846F}.Debug|Any CPU.Build.0 = Debug|Any CPU
		{922FDA06-2896-4AE9-94E1-15EB660E846F}.Release|Any CPU.ActiveCfg = Release|Any CPU
		{922FDA06-2896-4AE9-94E1-15EB660E846F}.Release|Any CPU.Build.0 = Release|Any CPU
	EndGlobalSection
	GlobalSection(SolutionProperties) = preSolution
		HideSolutionNode = FALSE
	EndGlobalSection
	GlobalSection(ExtensibilityGlobals) = postSolution
		SolutionGuid = {180254E3-B027-4DCC-B4BB-93891A4225D0}
	EndGlobalSection
EndGlobal
